
Microsoft Visual Studio Solution File, Format Version 12.00
# Visual Studio Version 17
VisualStudioVersion = 17.14.36930.0 d17.14
MinimumVisualStudioVersion = 10.0.40219.1
Project("{FAE04EC0-301F-11D3-BF4B-00C04F79EFBC}") = "AIChatRailway", "AIChatRailway.csproj", "{4C518E35-2889-A8A0-DBED-A9C3423DEDD2}"
EndProject
Global
	GlobalSection(SolutionConfigurationPlatforms) = preSolution
		Debug|Any CPU = Debug|Any CPU
		Release|Any CPU = Release|Any CPU
	EndGlobalSection
	GlobalSection(ProjectConfigurationPlatforms) = postSolution
		{4C518E35-2889-A8A0-DBED-A9C3423DEDD2}.Debug|Any CPU.ActiveCfg = Debug|Any CPU
		{4C518E35-2889-A8A0-DBED-A9C3423DEDD2}.Debug|Any CPU.Build.0 = Debug|Any CPU
		{4C518E35-2889-A8A0-DBED-A9C3423DEDD2}.Release|Any CPU.ActiveCfg = Release|Any CPU
		{4C518E35-2889-A8A0-DBED-A9C3423DEDD2}.Release|Any CPU.Build.0 = Release|Any CPU
	EndGlobalSection
	GlobalSection(SolutionProperties) = preSolution
		HideSolutionNode = FALSE
	EndGlobalSection
	GlobalSection(ExtensibilityGlobals) = postSolution
		SolutionGuid = {938E6838-4DDF-4768-8293-5C7D8A8E7D25}
	EndGlobalSection
EndGlobal
